
Microsoft Visual Studio Solution File, Format Version 12.00
# Visual Studio Version 16
VisualStudioVersion = 16.0.32126.315
MinimumVisualStudioVersion = 10.0.40219.1
Project("{FAE04EC0-301F-11D3-BF4B-00C04F79EFBC}") = "ConsoleApp8", "ConsoleApp8.csproj", "{635551D7-3D18-489D-8CF3-416647A4FFBF}"
EndProject
Global
	GlobalSection(SolutionConfigurationPlatforms) = preSolution
		Debug|Any CPU = Debug|Any CPU
		Release|Any CPU = Release|Any CPU
	EndGlobalSection
	GlobalSection(ProjectConfigurationPlatforms) = postSolution
		{635551D7-3D18-489D-8CF3-416647A4FFBF}.Debug|Any CPU.ActiveCfg = Debug|Any CPU
		{635551D7-3D18-489D-8CF3-416647A4FFBF}.Debug|Any CPU.Build.0 = Debug|Any CPU
		{635551D7-3D18-489D-8CF3-416647A4FFBF}.Release|Any CPU.ActiveCfg = Release|Any CPU
		{635551D7-3D18-489D-8CF3-416647A4FFBF}.Release|Any CPU.Build.0 = Release|Any CPU
	EndGlobalSection
	GlobalSection(SolutionProperties) = preSolution
		HideSolutionNode = FALSE
	EndGlobalSection
	GlobalSection(ExtensibilityGlobals) = postSolution
		SolutionGuid = {C1C7AFA9-D178-482E-935D-7ABB804F6083}
	EndGlobalSection
EndGlobal
